
Microsoft Visual Studio Solution File, Format Version 12.00
# Visual Studio 15
VisualStudioVersion = 15.0.26430.13
MinimumVisualStudioVersion = 10.0.40219.1
Project("{FAE04EC0-301F-11D3-BF4B-00C04F79EFBC}") = "DotnetCoreApp.MySql", "DotnetCoreApp.MySql\DotnetCoreApp.MySql.csproj", "{C5E1633D-6E63-4039-9F28-75831468EE64}"
EndProject
Project("{FAE04EC0-301F-11D3-BF4B-00C04F79EFBC}") = "DotnetCoreApp.Shared", "DotnetCoreApp.Shared\DotnetCoreApp.Shared.csproj", "{24C1A541-5097-41A4-89CF-52CB7AE36F7E}"
EndProject
Global
	GlobalSection(SolutionConfigurationPlatforms) = preSolution
		Debug|Any CPU = Debug|Any CPU
		Release|Any CPU = Release|Any CPU
	EndGlobalSection
	GlobalSection(ProjectConfigurationPlatforms) = postSolution
		{C5E1633D-6E63-4039-9F28-75831468EE64}.Debug|Any CPU.ActiveCfg = Debug|Any CPU
		{C5E1633D-6E63-4039-9F28-75831468EE64}.Debug|Any CPU.Build.0 = Debug|Any CPU
		{C5E1633D-6E63-4039-9F28-75831468EE64}.Release|Any CPU.ActiveCfg = Release|Any CPU
		{C5E1633D-6E63-4039-9F28-75831468EE64}.Release|Any CPU.Build.0 = Release|Any CPU
		{24C1A541-5097-41A4-89CF-52CB7AE36F7E}.Debug|Any CPU.ActiveCfg = Debug|Any CPU
		{24C1A541-5097-41A4-89CF-52CB7AE36F7E}.Debug|Any CPU.Build.0 = Debug|Any CPU
		{24C1A541-5097-41A4-89CF-52CB7AE36F7E}.Release|Any CPU.ActiveCfg = Release|Any CPU
		{24C1A541-5097-41A4-89CF-52CB7AE36F7E}.Release|Any CPU.Build.0 = Release|Any CPU
	EndGlobalSection
	GlobalSection(SolutionProperties) = preSolution
		HideSolutionNode = FALSE
	EndGlobalSection
EndGlobal
